
Microsoft Visual Studio Solution File, Format Version 12.00
# Visual Studio Version 17
VisualStudioVersion = 17.10.34916.146
MinimumVisualStudioVersion = 10.0.40219.1
Project("{FAE04EC0-301F-11D3-BF4B-00C04F79EFBC}") = "Bossfight", "Bossfight\Bossfight.csproj", "{08BCAF0D-55A0-4BFF-BA3A-4C4924C27703}"
EndProject
Global
	GlobalSection(SolutionConfigurationPlatforms) = preSolution
		Debug|Any CPU = Debug|Any CPU
		Release|Any CPU = Release|Any CPU
	EndGlobalSection
	GlobalSection(ProjectConfigurationPlatforms) = postSolution
		{08BCAF0D-55A0-4BFF-BA3A-4C4924C27703}.Debug|Any CPU.ActiveCfg = Debug|Any CPU
		{08BCAF0D-55A0-4BFF-BA3A-4C4924C27703}.Debug|Any CPU.Build.0 = Debug|Any CPU
		{08BCAF0D-55A0-4BFF-BA3A-4C4924C27703}.Release|Any CPU.ActiveCfg = Release|Any CPU
		{08BCAF0D-55A0-4BFF-BA3A-4C4924C27703}.Release|Any CPU.Build.0 = Release|Any CPU
	EndGlobalSection
	GlobalSection(SolutionProperties) = preSolution
		HideSolutionNode = FALSE
	EndGlobalSection
	GlobalSection(ExtensibilityGlobals) = postSolution
		SolutionGuid = {9300F443-7934-43F2-8F3B-AD6BF8F8D493}
	EndGlobalSection
EndGlobal
